
Microsoft Visual Studio Solution File, Format Version 12.00
# Visual Studio Version 17
VisualStudioVersion = 17.1.32319.34
MinimumVisualStudioVersion = 10.0.40219.1
Project("{FAE04EC0-301F-11D3-BF4B-00C04F79EFBC}") = "ResponseService", "ResponseService\ResponseService.csproj", "{EEB388FE-5096-4837-9611-71E2ED3AA72A}"
EndProject
Global
	GlobalSection(SolutionConfigurationPlatforms) = preSolution
		Debug|Any CPU = Debug|Any CPU
		Release|Any CPU = Release|Any CPU
	EndGlobalSection
	GlobalSection(ProjectConfigurationPlatforms) = postSolution
		{EEB388FE-5096-4837-9611-71E2ED3AA72A}.Debug|Any CPU.ActiveCfg = Debug|Any CPU
		{EEB388FE-5096-4837-9611-71E2ED3AA72A}.Debug|Any CPU.Build.0 = Debug|Any CPU
		{EEB388FE-5096-4837-9611-71E2ED3AA72A}.Release|Any CPU.ActiveCfg = Release|Any CPU
		{EEB388FE-5096-4837-9611-71E2ED3AA72A}.Release|Any CPU.Build.0 = Release|Any CPU
	EndGlobalSection
	GlobalSection(SolutionProperties) = preSolution
		HideSolutionNode = FALSE
	EndGlobalSection
	GlobalSection(ExtensibilityGlobals) = postSolution
		SolutionGuid = {4BCA7CF5-EE3C-4984-8F03-6A142E783F79}
	EndGlobalSection
EndGlobal
